
Microsoft Visual Studio Solution File, Format Version 12.00
# Visual Studio Version 17
VisualStudioVersion = 17.10.35013.160
MinimumVisualStudioVersion = 10.0.40219.1
Project("{9A19103F-16F7-4668-BE54-9A1E7A4F7556}") = "MottuOpsDesafioBackEnd.WebApplication", "MottuOpsDesafioBackEnd.WebApplication\MottuOpsDesafioBackEnd.WebApplication.csproj", "{CB824F8B-298A-43A7-94D4-C4C5F36A3341}"
EndProject
Project("{9A19103F-16F7-4668-BE54-9A1E7A4F7556}") = "MottuOpsDesafioBackEnd.Domain", "MottuOpsDesafioBackEnd.Domain\MottuOpsDesafioBackEnd.Domain.csproj", "{C5630B93-7D6F-4D0E-8429-CDF6CE83B44C}"
EndProject
Project("{FAE04EC0-301F-11D3-BF4B-00C04F79EFBC}") = "MottuOpsDesafioBackEnd.Data", "MottuOpsDesafioBackEnd.Data\MottuOpsDesafioBackEnd.Data.csproj", "{CC3F6090-CE52-414B-8CF9-B343632955A7}"
EndProject
Project("{FAE04EC0-301F-11D3-BF4B-00C04F79EFBC}") = "MottuOpsDesafioBackEnd.Service", "MottuOpsDesafioBackEnd.Service\MottuOpsDesafioBackEnd.Service.csproj", "{B9620D99-3280-4F2B-94CA-4BA9179A3BB2}"
EndProject
Global
	GlobalSection(SolutionConfigurationPlatforms) = preSolution
		Debug|Any CPU = Debug|Any CPU
		Release|Any CPU = Release|Any CPU
	EndGlobalSection
	GlobalSection(ProjectConfigurationPlatforms) = postSolution
		{CB824F8B-298A-43A7-94D4-C4C5F36A3341}.Debug|Any CPU.ActiveCfg = Debug|Any CPU
		{CB824F8B-298A-43A7-94D4-C4C5F36A3341}.Debug|Any CPU.Build.0 = Debug|Any CPU
		{CB824F8B-298A-43A7-94D4-C4C5F36A3341}.Release|Any CPU.ActiveCfg = Release|Any CPU
		{CB824F8B-298A-43A7-94D4-C4C5F36A3341}.Release|Any CPU.Build.0 = Release|Any CPU
		{C5630B93-7D6F-4D0E-8429-CDF6CE83B44C}.Debug|Any CPU.ActiveCfg = Debug|Any CPU
		{C5630B93-7D6F-4D0E-8429-CDF6CE83B44C}.Debug|Any CPU.Build.0 = Debug|Any CPU
		{C5630B93-7D6F-4D0E-8429-CDF6CE83B44C}.Release|Any CPU.ActiveCfg = Release|Any CPU
		{C5630B93-7D6F-4D0E-8429-CDF6CE83B44C}.Release|Any CPU.Build.0 = Release|Any CPU
		{CC3F6090-CE52-414B-8CF9-B343632955A7}.Debug|Any CPU.ActiveCfg = Debug|Any CPU
		{CC3F6090-CE52-414B-8CF9-B343632955A7}.Debug|Any CPU.Build.0 = Debug|Any CPU
		{CC3F6090-CE52-414B-8CF9-B343632955A7}.Release|Any CPU.ActiveCfg = Release|Any CPU
		{CC3F6090-CE52-414B-8CF9-B343632955A7}.Release|Any CPU.Build.0 = Release|Any CPU
		{B9620D99-3280-4F2B-94CA-4BA9179A3BB2}.Debug|Any CPU.ActiveCfg = Debug|Any CPU
		{B9620D99-3280-4F2B-94CA-4BA9179A3BB2}.Debug|Any CPU.Build.0 = Debug|Any CPU
		{B9620D99-3280-4F2B-94CA-4BA9179A3BB2}.Release|Any CPU.ActiveCfg = Release|Any CPU
		{B9620D99-3280-4F2B-94CA-4BA9179A3BB2}.Release|Any CPU.Build.0 = Release|Any CPU
	EndGlobalSection
	GlobalSection(SolutionProperties) = preSolution
		HideSolutionNode = FALSE
	EndGlobalSection
	GlobalSection(ExtensibilityGlobals) = postSolution
		SolutionGuid = {1BB423B9-D28D-4597-9AA1-7AC145CA433B}
	EndGlobalSection
EndGlobal
